
Microsoft Visual Studio Solution File, Format Version 12.00
# Visual Studio Version 17
VisualStudioVersion = 17.3.32901.215
MinimumVisualStudioVersion = 10.0.40219.1
Project("{FAE04EC0-301F-11D3-BF4B-00C04F79EFBC}") = "ceki", "ceki\ceki.csproj", "{51608C8D-B9E5-48E2-9006-0F9142FC7D1F}"
EndProject
Global
	GlobalSection(SolutionConfigurationPlatforms) = preSolution
		Debug|Any CPU = Debug|Any CPU
		Release|Any CPU = Release|Any CPU
	EndGlobalSection
	GlobalSection(ProjectConfigurationPlatforms) = postSolution
		{51608C8D-B9E5-48E2-9006-0F9142FC7D1F}.Debug|Any CPU.ActiveCfg = Debug|Any CPU
		{51608C8D-B9E5-48E2-9006-0F9142FC7D1F}.Debug|Any CPU.Build.0 = Debug|Any CPU
		{51608C8D-B9E5-48E2-9006-0F9142FC7D1F}.Release|Any CPU.ActiveCfg = Release|Any CPU
		{51608C8D-B9E5-48E2-9006-0F9142FC7D1F}.Release|Any CPU.Build.0 = Release|Any CPU
	EndGlobalSection
	GlobalSection(SolutionProperties) = preSolution
		HideSolutionNode = FALSE
	EndGlobalSection
	GlobalSection(ExtensibilityGlobals) = postSolution
		SolutionGuid = {1B141A1E-094B-479B-8FAF-DD49BDA2051E}
	EndGlobalSection
EndGlobal
